// !$*UTF8*$!
{
	archiveVersion = 1;
	classes = {
	};
	objectVersion = 46;
	objects = {

/* Begin PBXBuildFile section */
		4C5AD8C519929D5200CCD811 /* Foundation.framework in Frameworks */ = {isa = PBXBuildFile; fileRef = 4C5AD8C419929D5200CCD811 /* Foundation.framework */; };
		4C5AD8C719929D5200CCD811 /* CoreGraphics.framework in Frameworks */ = {isa = PBXBuildFile; fileRef = 4C5AD8C619929D5200CCD811 /* CoreGraphics.framework */; };
		4C5AD8C919929D5200CCD811 /* UIKit.framework in Frameworks */ = {isa = PBXBuildFile; fileRef = 4C5AD8C819929D5200CCD811 /* UIKit.framework */; };
		4C5AD8CF19929D5200CCD811 /* InfoPlist.strings in Resources */ = {isa = PBXBuildFile; fileRef = 4C5AD8CD19929D5200CCD811 /* InfoPlist.strings */; };
		4C5AD8D119929D5200CCD811 /* main.m in Sources */ = {isa = PBXBuildFile; fileRef = 4C5AD8D019929D5200CCD811 /* main.m */; };
		4C5AD8D519929D5200CCD811 /* AppDelegate.m in Sources */ = {isa = PBXBuildFile; fileRef = 4C5AD8D419929D5200CCD811 /* AppDelegate.m */; };
		4C5AD8D819929D5200CCD811 /* Main.storyboard in Resources */ = {isa = PBXBuildFile; fileRef = 4C5AD8D619929D5200CCD811 /* Main.storyboard */; };
		4C5AD8DB19929D5200CCD811 /* ViewController.m in Sources */ = {isa = PBXBuildFile; fileRef = 4C5AD8DA19929D5200CCD811 /* ViewController.m */; };
		4C5AD8DD19929D5200CCD811 /* Images.xcassets in Resources */ = {isa = PBXBuildFile; fileRef = 4C5AD8DC19929D5200CCD811 /* Images.xcassets */; };
		4C5AD8E419929D5200CCD811 /* XCTest.framework in Frameworks */ = {isa = PBXBuildFile; fileRef = 4C5AD8E319929D5200CCD811 /* XCTest.framework */; };
		4C5AD8E519929D5200CCD811 /* Foundation.framework in Frameworks */ = {isa = PBXBuildFile; fileRef = 4C5AD8C419929D5200CCD811 /* Foundation.framework */; };
		4C5AD8E619929D5200CCD811 /* UIKit.framework in Frameworks */ = {isa = PBXBuildFile; fileRef = 4C5AD8C819929D5200CCD811 /* UIKit.framework */; };
		4C5AD8EE19929D5200CCD811 /* InfoPlist.strings in Resources */ = {isa = PBXBuildFile; fileRef = 4C5AD8EC19929D5200CCD811 /* InfoPlist.strings */; };
		4C5AD8F019929D5200CCD811 /* TodoAppTests.m in Sources */ = {isa = PBXBuildFile; fileRef = 4C5AD8EF19929D5200CCD811 /* TodoAppTests.m */; };
		4C5AD8FB1992A6DC00CCD811 /* TATask.m in Sources */ = {isa = PBXBuildFile; fileRef = 4C5AD8FA1992A6DC00CCD811 /* TATask.m */; };
		4C5AD8FE1992A9AA00CCD811 /* TATaskListViewController.m in Sources */ = {isa = PBXBuildFile; fileRef = 4C5AD8FD1992A9AA00CCD811 /* TATaskListViewController.m */; };
		4C5AD9011992B96900CCD811 /* TATaskAddViewController.m in Sources */ = {isa = PBXBuildFile; fileRef = 4C5AD9001992B96900CCD811 /* TATaskAddViewController.m */; };
/* End PBXBuildFile section */

/* Begin PBXContainerItemProxy section */
		4C5AD8E719929D5200CCD811 /* PBXContainerItemProxy */ = {
			isa = PBXContainerItemProxy;
			containerPortal = 4C5AD8B919929D5100CCD811 /* Project object */;
			proxyType = 1;
			remoteGlobalIDString = 4C5AD8C019929D5200CCD811;
			remoteInfo = TodoApp;
		};
/* End PBXContainerItemProxy section */

/* Begin PBXFileReference section */
		4C5AD8C119929D5200CCD811 /* TodoApp.app */ = {isa = PBXFileReference; explicitFileType = wrapper.application; includeInIndex = 0; path = TodoApp.app; sourceTree = BUILT_PRODUCTS_DIR; };
		4C5AD8C419929D5200CCD811 /* Foundation.framework */ = {isa = PBXFileReference; lastKnownFileType = wrapper.framework; name = Foundation.framework; path = System/Library/Frameworks/Foundation.framework; sourceTree = SDKROOT; };
		4C5AD8C619929D5200CCD811 /* CoreGraphics.framework */ = {isa = PBXFileReference; lastKnownFileType = wrapper.framework; name = CoreGraphics.framework; path = System/Library/Frameworks/CoreGraphics.framework; sourceTree = SDKROOT; };
		4C5AD8C819929D5200CCD811 /* UIKit.framework */ = {isa = PBXFileReference; lastKnownFileType = wrapper.framework; name = UIKit.framework; path = System/Library/Frameworks/UIKit.framework; sourceTree = SDKROOT; };
		4C5AD8CC19929D5200CCD811 /* TodoApp-Info.plist */ = {isa = PBXFileReference; lastKnownFileType = text.plist.xml; path = "TodoApp-Info.plist"; sourceTree = "<group>"; };
		4C5AD8CE19929D5200CCD811 /* en */ = {isa = PBXFileReference; lastKnownFileType = text.plist.strings; name = en; path = en.lproj/InfoPlist.strings; sourceTree = "<group>"; };
		4C5AD8D019929D5200CCD811 /* main.m */ = {isa = PBXFileReference; lastKnownFileType = sourcecode.c.objc; path = main.m; sourceTree = "<group>"; };
		4C5AD8D219929D5200CCD811 /* TodoApp-Prefix.pch */ = {isa = PBXFileReference; lastKnownFileType = sourcecode.c.h; path = "TodoApp-Prefix.pch"; sourceTree = "<group>"; };
		4C5AD8D319929D5200CCD811 /* AppDelegate.h */ = {isa = PBXFileReference; lastKnownFileType = sourcecode.c.h; path = AppDelegate.h; sourceTree = "<group>"; };
		4C5AD8D419929D5200CCD811 /* AppDelegate.m */ = {isa = PBXFileReference; lastKnownFileType = sourcecode.c.objc; path = AppDelegate.m; sourceTree = "<group>"; };
		4C5AD8D719929D5200CCD811 /* Base */ = {isa = PBXFileReference; lastKnownFileType = file.storyboard; name = Base; path = Base.lproj/Main.storyboard; sourceTree = "<group>"; };
		4C5AD8D919929D5200CCD811 /* ViewController.h */ = {isa = PBXFileReference; lastKnownFileType = sourcecode.c.h; path = ViewController.h; sourceTree = "<group>"; };
		4C5AD8DA19929D5200CCD811 /* ViewController.m */ = {isa = PBXFileReference; lastKnownFileType = sourcecode.c.objc; path = ViewController.m; sourceTree = "<group>"; };
		4C5AD8DC19929D5200CCD811 /* Images.xcassets */ = {isa = PBXFileReference; lastKnownFileType = folder.assetcatalog; path = Images.xcassets; sourceTree = "<group>"; };
		4C5AD8E219929D5200CCD811 /* TodoAppTests.xctest */ = {isa = PBXFileReference; explicitFileType = wrapper.cfbundle; includeInIndex = 0; path = TodoAppTests.xctest; sourceTree = BUILT_PRODUCTS_DIR; };
		4C5AD8E319929D5200CCD811 /* XCTest.framework */ = {isa = PBXFileReference; lastKnownFileType = wrapper.framework; name = XCTest.framework; path = Library/Frameworks/XCTest.framework; sourceTree = DEVELOPER_DIR; };
		4C5AD8EB19929D5200CCD811 /* TodoAppTests-Info.plist */ = {isa = PBXFileReference; lastKnownFileType = text.plist.xml; path = "TodoAppTests-Info.plist"; sourceTree = "<group>"; };
		4C5AD8ED19929D5200CCD811 /* en */ = {isa = PBXFileReference; lastKnownFileType = text.plist.strings; name = en; path = en.lproj/InfoPlist.strings; sourceTree = "<group>"; };
		4C5AD8EF19929D5200CCD811 /* TodoAppTests.m */ = {isa = PBXFileReference; lastKnownFileType = sourcecode.c.objc; path = TodoAppTests.m; sourceTree = "<group>"; };
		4C5AD8F91992A6DC00CCD811 /* TATask.h */ = {isa = PBXFileReference; fileEncoding = 4; lastKnownFileType = sourcecode.c.h; path = TATask.h; sourceTree = "<group>"; };
		4C5AD8FA1992A6DC00CCD811 /* TATask.m */ = {isa = PBXFileReference; fileEncoding = 4; lastKnownFileType = sourcecode.c.objc; path = TATask.m; sourceTree = "<group>"; };
		4C5AD8FC1992A9AA00CCD811 /* TATaskListViewController.h */ = {isa = PBXFileReference; fileEncoding = 4; lastKnownFileType = sourcecode.c.h; path = TATaskListViewController.h; sourceTree = "<group>"; };
		4C5AD8FD1992A9AA00CCD811 /* TATaskListViewController.m */ = {isa = PBXFileReference; fileEncoding = 4; lastKnownFileType = sourcecode.c.objc; path = TATaskListViewController.m; sourceTree = "<group>"; };
		4C5AD8FF1992B96900CCD811 /* TATaskAddViewController.h */ = {isa = PBXFileReference; fileEncoding = 4; lastKnownFileType = sourcecode.c.h; path = TATaskAddViewController.h; sourceTree = "<group>"; };
		4C5AD9001992B96900CCD811 /* TATaskAddViewController.m */ = {isa = PBXFileReference; fileEncoding = 4; lastKnownFileType = sourcecode.c.objc; path = TATaskAddViewController.m; sourceTree = "<group>"; };
/* End PBXFileReference section */

/* Begin PBXFrameworksBuildPhase section */
		4C5AD8BE19929D5200CCD811 /* Frameworks */ = {
			isa = PBXFrameworksBuildPhase;
			buildActionMask = 2147483647;
			files = (
				4C5AD8C719929D5200CCD811 /* CoreGraphics.framework in Frameworks */,
				4C5AD8C919929D5200CCD811 /* UIKit.framework in Frameworks */,
				4C5AD8C519929D5200CCD811 /* Foundation.framework in Frameworks */,
			);
			runOnlyForDeploymentPostprocessing = 0;
		};
		4C5AD8DF19929D5200CCD811 /* Frameworks */ = {
			isa = PBXFrameworksBuildPhase;
			buildActionMask = 2147483647;
			files = (
				4C5AD8E419929D5200CCD811 /* XCTest.framework in Frameworks */,
				4C5AD8E619929D5200CCD811 /* UIKit.framework in Frameworks */,
				4C5AD8E519929D5200CCD811 /* Foundation.framework in Frameworks */,
			);
			runOnlyForDeploymentPostprocessing = 0;
		};
/* End PBXFrameworksBuildPhase section */

/* Begin PBXGroup section */
		4C5AD8B819929D5100CCD811 = {
			isa = PBXGroup;
			children = (
				4C5AD8CA19929D5200CCD811 /* TodoApp */,
				4C5AD8E919929D5200CCD811 /* TodoAppTests */,
				4C5AD8C319929D5200CCD811 /* Frameworks */,
				4C5AD8C219929D5200CCD811 /* Products */,
			);
			sourceTree = "<group>";
		};
		4C5AD8C219929D5200CCD811 /* Products */ = {
			isa = PBXGroup;
			children = (
				4C5AD8C119929D5200CCD811 /* TodoApp.app */,
				4C5AD8E219929D5200CCD811 /* TodoAppTests.xctest */,
			);
			name = Products;
			sourceTree = "<group>";
		};
		4C5AD8C319929D5200CCD811 /* Frameworks */ = {
			isa = PBXGroup;
			children = (
				4C5AD8C419929D5200CCD811 /* Foundation.framework */,
				4C5AD8C619929D5200CCD811 /* CoreGraphics.framework */,
				4C5AD8C819929D5200CCD811 /* UIKit.framework */,
				4C5AD8E319929D5200CCD811 /* XCTest.framework */,
			);
			name = Frameworks;
			sourceTree = "<group>";
		};
		4C5AD8CA19929D5200CCD811 /* TodoApp */ = {
			isa = PBXGroup;
			children = (
				4C5AD8D319929D5200CCD811 /* AppDelegate.h */,
				4C5AD8D419929D5200CCD811 /* AppDelegate.m */,
				4C5AD8D619929D5200CCD811 /* Main.storyboard */,
				4C5AD8D919929D5200CCD811 /* ViewController.h */,
				4C5AD8DA19929D5200CCD811 /* ViewController.m */,
				4C5AD8DC19929D5200CCD811 /* Images.xcassets */,
				4C5AD8CB19929D5200CCD811 /* Supporting Files */,
				4C5AD8F91992A6DC00CCD811 /* TATask.h */,
				4C5AD8FA1992A6DC00CCD811 /* TATask.m */,
				4C5AD8FC1992A9AA00CCD811 /* TATaskListViewController.h */,
				4C5AD8FD1992A9AA00CCD811 /* TATaskListViewController.m */,
				4C5AD8FF1992B96900CCD811 /* TATaskAddViewController.h */,
				4C5AD9001992B96900CCD811 /* TATaskAddViewController.m */,
			);
			path = TodoApp;
			sourceTree = "<group>";
		};
		4C5AD8CB19929D5200CCD811 /* Supporting Files */ = {
			isa = PBXGroup;
			children = (
				4C5AD8CC19929D5200CCD811 /* TodoApp-Info.plist */,
				4C5AD8CD19929D5200CCD811 /* InfoPlist.strings */,
				4C5AD8D019929D5200CCD811 /* main.m */,
				4C5AD8D219929D5200CCD811 /* TodoApp-Prefix.pch */,
			);
			name = "Supporting Files";
			sourceTree = "<group>";
		};
		4C5AD8E919929D5200CCD811 /* TodoAppTests */ = {
			isa = PBXGroup;
			children = (
				4C5AD8EF19929D5200CCD811 /* TodoAppTests.m */,
				4C5AD8EA19929D5200CCD811 /* Supporting Files */,
			);
			path = TodoAppTests;
			sourceTree = "<group>";
		};
		4C5AD8EA19929D5200CCD811 /* Supporting Files */ = {
			isa = PBXGroup;
			children = (
				4C5AD8EB19929D5200CCD811 /* TodoAppTests-Info.plist */,
				4C5AD8EC19929D5200CCD811 /* InfoPlist.strings */,
			);
			name = "Supporting Files";
			sourceTree = "<group>";
		};
/* End PBXGroup section */

/* Begin PBXNativeTarget section */
		4C5AD8C019929D5200CCD811 /* TodoApp */ = {
			isa = PBXNativeTarget;
			buildConfigurationList = 4C5AD8F319929D5200CCD811 /* Build configuration list for PBXNativeTarget "TodoApp" */;
			buildPhases = (
				4C5AD8BD19929D5200CCD811 /* Sources */,
				4C5AD8BE19929D5200CCD811 /* Frameworks */,
				4C5AD8BF19929D5200CCD811 /* Resources */,
			);
			buildRules = (
			);
			dependencies = (
			);
			name = TodoApp;
			productName = TodoApp;
			productReference = 4C5AD8C119929D5200CCD811 /* TodoApp.app */;
			productType = "com.apple.product-type.application";
		};
		4C5AD8E119929D5200CCD811 /* TodoAppTests */ = {
			isa = PBXNativeTarget;
			buildConfigurationList = 4C5AD8F619929D5200CCD811 /* Build configuration list for PBXNativeTarget "TodoAppTests" */;
			buildPhases = (
				4C5AD8DE19929D5200CCD811 /* Sources */,
				4C5AD8DF19929D5200CCD811 /* Frameworks */,
				4C5AD8E019929D5200CCD811 /* Resources */,
			);
			buildRules = (
			);
			dependencies = (
				4C5AD8E819929D5200CCD811 /* PBXTargetDependency */,
			);
			name = TodoAppTests;
			productName = TodoAppTests;
			productReference = 4C5AD8E219929D5200CCD811 /* TodoAppTests.xctest */;
			productType = "com.apple.product-type.bundle.unit-test";
		};
/* End PBXNativeTarget section */

/* Begin PBXProject section */
		4C5AD8B919929D5100CCD811 /* Project object */ = {
			isa = PBXProject;
			attributes = {
				LastUpgradeCheck = 0500;
				ORGANIZATIONNAME = 0xack13;
				TargetAttributes = {
					4C5AD8E119929D5200CCD811 = {
						TestTargetID = 4C5AD8C019929D5200CCD811;
					};
				};
			};
			buildConfigurationList = 4C5AD8BC19929D5100CCD811 /* Build configuration list for PBXProject "TodoApp" */;
			compatibilityVersion = "Xcode 3.2";
			developmentRegion = English;
			hasScannedForEncodings = 0;
			knownRegions = (
				en,
				Base,
			);
			mainGroup = 4C5AD8B819929D5100CCD811;
			productRefGroup = 4C5AD8C219929D5200CCD811 /* Products */;
			projectDirPath = "";
			projectRoot = "";
			targets = (
				4C5AD8C019929D5200CCD811 /* TodoApp */,
				4C5AD8E119929D5200CCD811 /* TodoAppTests */,
			);
		};
/* End PBXProject section */

/* Begin PBXResourcesBuildPhase section */
		4C5AD8BF19929D5200CCD811 /* Resources */ = {
			isa = PBXResourcesBuildPhase;
			buildActionMask = 2147483647;
			files = (
				4C5AD8DD19929D5200CCD811 /* Images.xcassets in Resources */,
				4C5AD8CF19929D5200CCD811 /* InfoPlist.strings in Resources */,
				4C5AD8D819929D5200CCD811 /* Main.storyboard in Resources */,
			);
			runOnlyForDeploymentPostprocessing = 0;
		};
		4C5AD8E019929D5200CCD811 /* Resources */ = {
			isa = PBXResourcesBuildPhase;
			buildActionMask = 2147483647;
			files = (
				4C5AD8EE19929D5200CCD811 /* InfoPlist.strings in Resources */,
			);
			runOnlyForDeploymentPostprocessing = 0;
		};
/* End PBXResourcesBuildPhase section */

/* Begin PBXSourcesBuildPhase section */
		4C5AD8BD19929D5200CCD811 /* Sources */ = {
			isa = PBXSourcesBuildPhase;
			buildActionMask = 2147483647;
			files = (
				4C5AD8DB19929D5200CCD811 /* ViewController.m in Sources */,
				4C5AD8D519929D5200CCD811 /* AppDelegate.m in Sources */,
				4C5AD8D119929D5200CCD811 /* main.m in Sources */,
				4C5AD8FE1992A9AA00CCD811 /* TATaskListViewController.m in Sources */,
				4C5AD9011992B96900CCD811 /* TATaskAddViewController.m in Sources */,
				4C5AD8FB1992A6DC00CCD811 /* TATask.m in Sources */,
			);
			runOnlyForDeploymentPostprocessing = 0;
		};
		4C5AD8DE19929D5200CCD811 /* Sources */ = {
			isa = PBXSourcesBuildPhase;
			buildActionMask = 2147483647;
			files = (
				4C5AD8F019929D5200CCD811 /* TodoAppTests.m in Sources */,
			);
			runOnlyForDeploymentPostprocessing = 0;
		};
/* End PBXSourcesBuildPhase section */

/* Begin PBXTargetDependency section */
		4C5AD8E819929D5200CCD811 /* PBXTargetDependency */ = {
			isa = PBXTargetDependency;
			target = 4C5AD8C019929D5200CCD811 /* TodoApp */;
			targetProxy = 4C5AD8E719929D5200CCD811 /* PBXContainerItemProxy */;
		};
/* End PBXTargetDependency section */

/* Begin PBXVariantGroup section */
		4C5AD8CD19929D5200CCD811 /* InfoPlist.strings */ = {
			isa = PBXVariantGroup;
			children = (
				4C5AD8CE19929D5200CCD811 /* en */,
			);
			name = InfoPlist.strings;
			sourceTree = "<group>";
		};
		4C5AD8D619929D5200CCD811 /* Main.storyboard */ = {
			isa = PBXVariantGroup;
			children = (
				4C5AD8D719929D5200CCD811 /* Base */,
			);
			name = Main.storyboard;
			sourceTree = "<group>";
		};
		4C5AD8EC19929D5200CCD811 /* InfoPlist.strings */ = {
			isa = PBXVariantGroup;
			children = (
				4C5AD8ED19929D5200CCD811 /* en */,
			);
			name = InfoPlist.strings;
			sourceTree = "<group>";
		};
/* End PBXVariantGroup section */

/* Begin XCBuildConfiguration section */
		4C5AD8F119929D5200CCD811 /* Debug */ = {
			isa = XCBuildConfiguration;
			buildSettings = {
				ALWAYS_SEARCH_USER_PATHS = NO;
				ARCHS = "$(ARCHS_STANDARD_INCLUDING_64_BIT)";
				CLANG_CXX_LANGUAGE_STANDARD = "gnu++0x";
				CLANG_CXX_LIBRARY = "libc++";
				CLANG_ENABLE_MODULES = YES;
				CLANG_ENABLE_OBJC_ARC = YES;
				CLANG_WARN_BOOL_CONVERSION = YES;
				CLANG_WARN_CONSTANT_CONVERSION = YES;
				CLANG_WARN_DIRECT_OBJC_ISA_USAGE = YES_ERROR;
				CLANG_WARN_EMPTY_BODY = YES;
				CLANG_WARN_ENUM_CONVERSION = YES;
				CLANG_WARN_INT_CONVERSION = YES;
				CLANG_WARN_OBJC_ROOT_CLASS = YES_ERROR;
				CLANG_WARN__DUPLICATE_METHOD_MATCH = YES;
				"CODE_SIGN_IDENTITY[sdk=iphoneos*]" = "iPhone Developer";
				COPY_PHASE_STRIP = NO;
				GCC_C_LANGUAGE_STANDARD = gnu99;
				GCC_DYNAMIC_NO_PIC = NO;
				GCC_OPTIMIZATION_LEVEL = 0;
				GCC_PREPROCESSOR_DEFINITIONS = (
					"DEBUG=1",
					"$(inherited)",
				);
				GCC_SYMBOLS_PRIVATE_EXTERN = NO;
				GCC_WARN_64_TO_32_BIT_CONVERSION = YES;
				GCC_WARN_ABOUT_RETURN_TYPE = YES_ERROR;
				GCC_WARN_UNDECLARED_SELECTOR = YES;
				GCC_WARN_UNINITIALIZED_AUTOS = YES;
				GCC_WARN_UNUSED_FUNCTION = YES;
				GCC_WARN_UNUSED_VARIABLE = YES;
				IPHONEOS_DEPLOYMENT_TARGET = 7.0;
				ONLY_ACTIVE_ARCH = YES;
				SDKROOT = iphoneos;
			};
			name = Debug;
		};
		4C5AD8F219929D5200CCD811 /* Release */ = {
			isa = XCBuildConfiguration;
			buildSettings = {
				ALWAYS_SEARCH_USER_PATHS = NO;
				ARCHS = "$(ARCHS_STANDARD_INCLUDING_64_BIT)";
				CLANG_CXX_LANGUAGE_STANDARD = "gnu++0x";
				CLANG_CXX_LIBRARY = "libc++";
				CLANG_ENABLE_MODULES = YES;
				CLANG_ENABLE_OBJC_ARC = YES;
				CLANG_WARN_BOOL_CONVERSION = YES;
				CLANG_WARN_CONSTANT_CONVERSION = YES;
				CLANG_WARN_DIRECT_OBJC_ISA_USAGE = YES_ERROR;
				CLANG_WARN_EMPTY_BODY = YES;
				CLANG_WARN_ENUM_CONVERSION = YES;
				CLANG_WARN_INT_CONVERSION = YES;
				CLANG_WARN_OBJC_ROOT_CLASS = YES_ERROR;
				CLANG_WARN__DUPLICATE_METHOD_MATCH = YES;
				"CODE_SIGN_IDENTITY[sdk=iphoneos*]" = "iPhone Developer";
				COPY_PHASE_STRIP = YES;
				ENABLE_NS_ASSERTIONS = NO;
				GCC_C_LANGUAGE_STANDARD = gnu99;
				GCC_WARN_64_TO_32_BIT_CONVERSION = YES;
				GCC_WARN_ABOUT_RETURN_TYPE = YES_ERROR;
				GCC_WARN_UNDECLARED_SELECTOR = YES;
				GCC_WARN_UNINITIALIZED_AUTOS = YES;
				GCC_WARN_UNUSED_FUNCTION = YES;
				GCC_WARN_UNUSED_VARIABLE = YES;
				IPHONEOS_DEPLOYMENT_TARGET = 7.0;
				SDKROOT = iphoneos;
				VALIDATE_PRODUCT = YES;
			};
			name = Release;
		};
		4C5AD8F419929D5200CCD811 /* Debug */ = {
			isa = XCBuildConfiguration;
			buildSettings = {
				ASSETCATALOG_COMPILER_APPICON_NAME = AppIcon;
				ASSETCATALOG_COMPILER_LAUNCHIMAGE_NAME = LaunchImage;
				GCC_PRECOMPILE_PREFIX_HEADER = YES;
				GCC_PREFIX_HEADER = "TodoApp/TodoApp-Prefix.pch";
				INFOPLIST_FILE = "TodoApp/TodoApp-Info.plist";
				PRODUCT_NAME = "$(TARGET_NAME)";
				WRAPPER_EXTENSION = app;
			};
			name = Debug;
		};
		4C5AD8F519929D5200CCD811 /* Release */ = {
			isa = XCBuildConfiguration;
			buildSettings = {
				ASSETCATALOG_COMPILER_APPICON_NAME = AppIcon;
				ASSETCATALOG_COMPILER_LAUNCHIMAGE_NAME = LaunchImage;
				GCC_PRECOMPILE_PREFIX_HEADER = YES;
				GCC_PREFIX_HEADER = "TodoApp/TodoApp-Prefix.pch";
				INFOPLIST_FILE = "TodoApp/TodoApp-Info.plist";
				PRODUCT_NAME = "$(TARGET_NAME)";
				WRAPPER_EXTENSION = app;
			};
			name = Release;
		};
		4C5AD8F719929D5200CCD811 /* Debug */ = {
			isa = XCBuildConfiguration;
			buildSettings = {
				ARCHS = "$(ARCHS_STANDARD_INCLUDING_64_BIT)";
				BUNDLE_LOADER = "$(BUILT_PRODUCTS_DIR)/TodoApp.app/TodoApp";
				FRAMEWORK_SEARCH_PATHS = (
					"$(SDKROOT)/Developer/Library/Frameworks",
					"$(inherited)",
					"$(DEVELOPER_FRAMEWORKS_DIR)",
				);
				GCC_PRECOMPILE_PREFIX_HEADER = YES;
				GCC_PREFIX_HEADER = "TodoApp/TodoApp-Prefix.pch";
				GCC_PREPROCESSOR_DEFINITIONS = (
					"DEBUG=1",
					"$(inherited)",
				);
				INFOPLIST_FILE = "TodoAppTests/TodoAppTests-Info.plist";
				PRODUCT_NAME = "$(TARGET_NAME)";
				TEST_HOST = "$(BUNDLE_LOADER)";
				WRAPPER_EXTENSION = xctest;
			};
			name = Debug;
		};
		4C5AD8F819929D5200CCD811 /* Release */ = {
			isa = XCBuildConfiguration;
			buildSettings = {
				ARCHS = "$(ARCHS_STANDARD_INCLUDING_64_BIT)";
				BUNDLE_LOADER = "$(BUILT_PRODUCTS_DIR)/TodoApp.app/TodoApp";
				FRAMEWORK_SEARCH_PATHS = (
					"$(SDKROOT)/Developer/Library/Frameworks",
					"$(inherited)",
					"$(DEVELOPER_FRAMEWORKS_DIR)",
				);
				GCC_PRECOMPILE_PREFIX_HEADER = YES;
				GCC_PREFIX_HEADER = "TodoApp/TodoApp-Prefix.pch";
				INFOPLIST_FILE = "TodoAppTests/TodoAppTests-Info.plist";
				PRODUCT_NAME = "$(TARGET_NAME)";
				TEST_HOST = "$(BUNDLE_LOADER)";
				WRAPPER_EXTENSION = xctest;
			};
			name = Release;
		};
/* End XCBuildConfiguration section */

/* Begin XCConfigurationList section */
		4C5AD8BC19929D5100CCD811 /* Build configuration list for PBXProject "TodoApp" */ = {
			isa = XCConfigurationList;
			buildConfigurations = (
				4C5AD8F119929D5200CCD811 /* Debug */,
				4C5AD8F219929D5200CCD811 /* Release */,
			);
			defaultConfigurationIsVisible = 0;
			defaultConfigurationName = Release;
		};
		4C5AD8F319929D5200CCD811 /* Build configuration list for PBXNativeTarget "TodoApp" */ = {
			isa = XCConfigurationList;
			buildConfigurations = (
				4C5AD8F419929D5200CCD811 /* Debug */,
				4C5AD8F519929D5200CCD811 /* Release */,
			);
			defaultConfigurationIsVisible = 0;
		};
		4C5AD8F619929D5200CCD811 /* Build configuration list for PBXNativeTarget "TodoAppTests" */ = {
			isa = XCConfigurationList;
			buildConfigurations = (
				4C5AD8F719929D5200CCD811 /* Debug */,
				4C5AD8F819929D5200CCD811 /* Release */,
			);
			defaultConfigurationIsVisible = 0;
		};
/* End XCConfigurationList section */
	};
	rootObject = 4C5AD8B919929D5100CCD811 /* Project object */;
}
